// !$*UTF8*$!
{
	archiveVersion = 1;
	classes = {
	};
	objectVersion = 50;
	objects = {

/* Begin PBXBuildFile section */
		AE2F00A3231441D000DEA996 /* jqKit.framework in Frameworks */ = {isa = PBXBuildFile; fileRef = AE2F0099231441D000DEA996 /* jqKit.framework */; };
		AE2F00A8231441D000DEA996 /* jqKitTests.m in Sources */ = {isa = PBXBuildFile; fileRef = AE2F00A7231441D000DEA996 /* jqKitTests.m */; };
		AE2F00AA231441D000DEA996 /* jqKit.h in Headers */ = {isa = PBXBuildFile; fileRef = AE2F009C231441D000DEA996 /* jqKit.h */; settings = {ATTRIBUTES = (Public, ); }; };
		AE2F00B52314480800DEA996 /* LMJqFilter.h in Headers */ = {isa = PBXBuildFile; fileRef = AE2F00B32314480800DEA996 /* LMJqFilter.h */; settings = {ATTRIBUTES = (Public, ); }; };
		AE2F00B62314480800DEA996 /* LMJqFilter.m in Sources */ = {isa = PBXBuildFile; fileRef = AE2F00B42314480800DEA996 /* LMJqFilter.m */; };
		AE2F00BE231448A600DEA996 /* libjq.a in Frameworks */ = {isa = PBXBuildFile; fileRef = AE2F00BC231448A600DEA996 /* libjq.a */; };
		AE2F00BF231448A600DEA996 /* libonig.a in Frameworks */ = {isa = PBXBuildFile; fileRef = AE2F00BD231448A600DEA996 /* libonig.a */; };
/* End PBXBuildFile section */

/* Begin PBXContainerItemProxy section */
		AE2F00A4231441D000DEA996 /* PBXContainerItemProxy */ = {
			isa = PBXContainerItemProxy;
			containerPortal = AE2F0090231441D000DEA996 /* Project object */;
			proxyType = 1;
			remoteGlobalIDString = AE2F0098231441D000DEA996;
			remoteInfo = jqKit;
		};
/* End PBXContainerItemProxy section */

/* Begin PBXFileReference section */
		AE2F0099231441D000DEA996 /* jqKit.framework */ = {isa = PBXFileReference; explicitFileType = wrapper.framework; includeInIndex = 0; path = jqKit.framework; sourceTree = BUILT_PRODUCTS_DIR; };
		AE2F009C231441D000DEA996 /* jqKit.h */ = {isa = PBXFileReference; lastKnownFileType = sourcecode.c.h; path = jqKit.h; sourceTree = "<group>"; };
		AE2F009D231441D000DEA996 /* Info.plist */ = {isa = PBXFileReference; lastKnownFileType = text.plist.xml; path = Info.plist; sourceTree = "<group>"; };
		AE2F00A2231441D000DEA996 /* jqKitTests.xctest */ = {isa = PBXFileReference; explicitFileType = wrapper.cfbundle; includeInIndex = 0; path = jqKitTests.xctest; sourceTree = BUILT_PRODUCTS_DIR; };
		AE2F00A7231441D000DEA996 /* jqKitTests.m */ = {isa = PBXFileReference; lastKnownFileType = sourcecode.c.objc; path = jqKitTests.m; sourceTree = "<group>"; };
		AE2F00A9231441D000DEA996 /* Info.plist */ = {isa = PBXFileReference; lastKnownFileType = text.plist.xml; path = Info.plist; sourceTree = "<group>"; };
		AE2F00B32314480800DEA996 /* LMJqFilter.h */ = {isa = PBXFileReference; lastKnownFileType = sourcecode.c.h; path = LMJqFilter.h; sourceTree = "<group>"; };
		AE2F00B42314480800DEA996 /* LMJqFilter.m */ = {isa = PBXFileReference; lastKnownFileType = sourcecode.c.objc; path = LMJqFilter.m; sourceTree = "<group>"; };
		AE2F00BC231448A600DEA996 /* libjq.a */ = {isa = PBXFileReference; lastKnownFileType = archive.ar; name = libjq.a; path = Dependencies/jq_install/lib/libjq.a; sourceTree = SOURCE_ROOT; };
		AE2F00BD231448A600DEA996 /* libonig.a */ = {isa = PBXFileReference; lastKnownFileType = archive.ar; name = libonig.a; path = Dependencies/onig_install/lib/libonig.a; sourceTree = SOURCE_ROOT; };
/* End PBXFileReference section */

/* Begin PBXFrameworksBuildPhase section */
		AE2F0096231441D000DEA996 /* Frameworks */ = {
			isa = PBXFrameworksBuildPhase;
			buildActionMask = 2147483647;
			files = (
				AE2F00BF231448A600DEA996 /* libonig.a in Frameworks */,
				AE2F00BE231448A600DEA996 /* libjq.a in Frameworks */,
			);
			runOnlyForDeploymentPostprocessing = 0;
		};
		AE2F009F231441D000DEA996 /* Frameworks */ = {
			isa = PBXFrameworksBuildPhase;
			buildActionMask = 2147483647;
			files = (
				AE2F00A3231441D000DEA996 /* jqKit.framework in Frameworks */,
			);
			runOnlyForDeploymentPostprocessing = 0;
		};
/* End PBXFrameworksBuildPhase section */

/* Begin PBXGroup section */
		AE2F008F231441D000DEA996 = {
			isa = PBXGroup;
			children = (
				AE2F009B231441D000DEA996 /* jqKit */,
				AE2F00BB2314487F00DEA996 /* Libraries */,
				AE2F00A6231441D000DEA996 /* jqKitTests */,
				AE2F009A231441D000DEA996 /* Products */,
			);
			sourceTree = "<group>";
		};
		AE2F009A231441D000DEA996 /* Products */ = {
			isa = PBXGroup;
			children = (
				AE2F0099231441D000DEA996 /* jqKit.framework */,
				AE2F00A2231441D000DEA996 /* jqKitTests.xctest */,
			);
			name = Products;
			sourceTree = "<group>";
		};
		AE2F009B231441D000DEA996 /* jqKit */ = {
			isa = PBXGroup;
			children = (
				AE2F009C231441D000DEA996 /* jqKit.h */,
				AE2F009D231441D000DEA996 /* Info.plist */,
				AE2F00B32314480800DEA996 /* LMJqFilter.h */,
				AE2F00B42314480800DEA996 /* LMJqFilter.m */,
			);
			path = jqKit;
			sourceTree = "<group>";
		};
		AE2F00A6231441D000DEA996 /* jqKitTests */ = {
			isa = PBXGroup;
			children = (
				AE2F00A7231441D000DEA996 /* jqKitTests.m */,
				AE2F00A9231441D000DEA996 /* Info.plist */,
			);
			path = jqKitTests;
			sourceTree = "<group>";
		};
		AE2F00BB2314487F00DEA996 /* Libraries */ = {
			isa = PBXGroup;
			children = (
				AE2F00BC231448A600DEA996 /* libjq.a */,
				AE2F00BD231448A600DEA996 /* libonig.a */,
			);
			path = Libraries;
			sourceTree = "<group>";
		};
/* End PBXGroup section */

/* Begin PBXHeadersBuildPhase section */
		AE2F0094231441D000DEA996 /* Headers */ = {
			isa = PBXHeadersBuildPhase;
			buildActionMask = 2147483647;
			files = (
				AE2F00AA231441D000DEA996 /* jqKit.h in Headers */,
				AE2F00B52314480800DEA996 /* LMJqFilter.h in Headers */,
			);
			runOnlyForDeploymentPostprocessing = 0;
		};
/* End PBXHeadersBuildPhase section */

/* Begin PBXNativeTarget section */
		AE2F0098231441D000DEA996 /* jqKit */ = {
			isa = PBXNativeTarget;
			buildConfigurationList = AE2F00AD231441D000DEA996 /* Build configuration list for PBXNativeTarget "jqKit" */;
			buildPhases = (
				AE2F0094231441D000DEA996 /* Headers */,
				AE2F0095231441D000DEA996 /* Sources */,
				AE2F0096231441D000DEA996 /* Frameworks */,
				AE2F0097231441D000DEA996 /* Resources */,
			);
			buildRules = (
			);
			dependencies = (
			);
			name = jqKit;
			productName = jqKit;
			productReference = AE2F0099231441D000DEA996 /* jqKit.framework */;
			productType = "com.apple.product-type.framework";
		};
		AE2F00A1231441D000DEA996 /* jqKitTests */ = {
			isa = PBXNativeTarget;
			buildConfigurationList = AE2F00B0231441D000DEA996 /* Build configuration list for PBXNativeTarget "jqKitTests" */;
			buildPhases = (
				AE2F009E231441D000DEA996 /* Sources */,
				AE2F009F231441D000DEA996 /* Frameworks */,
				AE2F00A0231441D000DEA996 /* Resources */,
			);
			buildRules = (
			);
			dependencies = (
				AE2F00A5231441D000DEA996 /* PBXTargetDependency */,
			);
			name = jqKitTests;
			productName = jqKitTests;
			productReference = AE2F00A2231441D000DEA996 /* jqKitTests.xctest */;
			productType = "com.apple.product-type.bundle.unit-test";
		};
/* End PBXNativeTarget section */

/* Begin PBXProject section */
		AE2F0090231441D000DEA996 /* Project object */ = {
			isa = PBXProject;
			attributes = {
				LastUpgradeCheck = 1030;
				ORGANIZATIONNAME = Paw;
				TargetAttributes = {
					AE2F0098231441D000DEA996 = {
						CreatedOnToolsVersion = 10.3;
					};
					AE2F00A1231441D000DEA996 = {
						CreatedOnToolsVersion = 10.3;
					};
				};
			};
			buildConfigurationList = AE2F0093231441D000DEA996 /* Build configuration list for PBXProject "jqKit" */;
			compatibilityVersion = "Xcode 9.3";
			developmentRegion = en;
			hasScannedForEncodings = 0;
			knownRegions = (
				en,
			);
			mainGroup = AE2F008F231441D000DEA996;
			productRefGroup = AE2F009A231441D000DEA996 /* Products */;
			projectDirPath = "";
			projectRoot = "";
			targets = (
				AE2F0098231441D000DEA996 /* jqKit */,
				AE2F00A1231441D000DEA996 /* jqKitTests */,
			);
		};
/* End PBXProject section */

/* Begin PBXResourcesBuildPhase section */
		AE2F0097231441D000DEA996 /* Resources */ = {
			isa = PBXResourcesBuildPhase;
			buildActionMask = 2147483647;
			files = (
			);
			runOnlyForDeploymentPostprocessing = 0;
		};
		AE2F00A0231441D000DEA996 /* Resources */ = {
			isa = PBXResourcesBuildPhase;
			buildActionMask = 2147483647;
			files = (
			);
			runOnlyForDeploymentPostprocessing = 0;
		};
/* End PBXResourcesBuildPhase section */

/* Begin PBXSourcesBuildPhase section */
		AE2F0095231441D000DEA996 /* Sources */ = {
			isa = PBXSourcesBuildPhase;
			buildActionMask = 2147483647;
			files = (
				AE2F00B62314480800DEA996 /* LMJqFilter.m in Sources */,
			);
			runOnlyForDeploymentPostprocessing = 0;
		};
		AE2F009E231441D000DEA996 /* Sources */ = {
			isa = PBXSourcesBuildPhase;
			buildActionMask = 2147483647;
			files = (
				AE2F00A8231441D000DEA996 /* jqKitTests.m in Sources */,
			);
			runOnlyForDeploymentPostprocessing = 0;
		};
/* End PBXSourcesBuildPhase section */

/* Begin PBXTargetDependency section */
		AE2F00A5231441D000DEA996 /* PBXTargetDependency */ = {
			isa = PBXTargetDependency;
			target = AE2F0098231441D000DEA996 /* jqKit */;
			targetProxy = AE2F00A4231441D000DEA996 /* PBXContainerItemProxy */;
		};
/* End PBXTargetDependency section */

/* Begin XCBuildConfiguration section */
		AE2F00AB231441D000DEA996 /* Debug */ = {
			isa = XCBuildConfiguration;
			buildSettings = {
				ALWAYS_SEARCH_USER_PATHS = NO;
				CLANG_ANALYZER_NONNULL = YES;
				CLANG_ANALYZER_NUMBER_OBJECT_CONVERSION = YES_AGGRESSIVE;
				CLANG_CXX_LANGUAGE_STANDARD = "gnu++14";
				CLANG_CXX_LIBRARY = "libc++";
				CLANG_ENABLE_MODULES = YES;
				CLANG_ENABLE_OBJC_ARC = YES;
				CLANG_ENABLE_OBJC_WEAK = YES;
				CLANG_WARN_BLOCK_CAPTURE_AUTORELEASING = YES;
				CLANG_WARN_BOOL_CONVERSION = YES;
				CLANG_WARN_COMMA = YES;
				CLANG_WARN_CONSTANT_CONVERSION = YES;
				CLANG_WARN_DEPRECATED_OBJC_IMPLEMENTATIONS = YES;
				CLANG_WARN_DIRECT_OBJC_ISA_USAGE = YES_ERROR;
				CLANG_WARN_DOCUMENTATION_COMMENTS = YES;
				CLANG_WARN_EMPTY_BODY = YES;
				CLANG_WARN_ENUM_CONVERSION = YES;
				CLANG_WARN_INFINITE_RECURSION = YES;
				CLANG_WARN_INT_CONVERSION = YES;
				CLANG_WARN_NON_LITERAL_NULL_CONVERSION = YES;
				CLANG_WARN_OBJC_IMPLICIT_RETAIN_SELF = YES;
				CLANG_WARN_OBJC_LITERAL_CONVERSION = YES;
				CLANG_WARN_OBJC_ROOT_CLASS = YES_ERROR;
				CLANG_WARN_RANGE_LOOP_ANALYSIS = YES;
				CLANG_WARN_STRICT_PROTOTYPES = YES;
				CLANG_WARN_SUSPICIOUS_MOVE = YES;
				CLANG_WARN_UNGUARDED_AVAILABILITY = YES_AGGRESSIVE;
				CLANG_WARN_UNREACHABLE_CODE = YES;
				CLANG_WARN__DUPLICATE_METHOD_MATCH = YES;
				CODE_SIGN_IDENTITY = "-";
				COPY_PHASE_STRIP = NO;
				CURRENT_PROJECT_VERSION = 1;
				DEBUG_INFORMATION_FORMAT = dwarf;
				ENABLE_STRICT_OBJC_MSGSEND = YES;
				ENABLE_TESTABILITY = YES;
				GCC_C_LANGUAGE_STANDARD = gnu11;
				GCC_DYNAMIC_NO_PIC = NO;
				GCC_NO_COMMON_BLOCKS = YES;
				GCC_OPTIMIZATION_LEVEL = 0;
				GCC_PREPROCESSOR_DEFINITIONS = (
					"DEBUG=1",
					"$(inherited)",
				);
				GCC_WARN_64_TO_32_BIT_CONVERSION = YES;
				GCC_WARN_ABOUT_RETURN_TYPE = YES_ERROR;
				GCC_WARN_UNDECLARED_SELECTOR = YES;
				GCC_WARN_UNINITIALIZED_AUTOS = YES_AGGRESSIVE;
				GCC_WARN_UNUSED_FUNCTION = YES;
				GCC_WARN_UNUSED_VARIABLE = YES;
				HEADER_SEARCH_PATHS = "${PROJECT_DIR}/Dependencies/jq_install/include";
				MACOSX_DEPLOYMENT_TARGET = 10.14;
				MTL_ENABLE_DEBUG_INFO = INCLUDE_SOURCE;
				MTL_FAST_MATH = YES;
				ONLY_ACTIVE_ARCH = YES;
				SDKROOT = macosx;
				VERSIONING_SYSTEM = "apple-generic";
				VERSION_INFO_PREFIX = "";
			};
			name = Debug;
		};
		AE2F00AC231441D000DEA996 /* Release */ = {
			isa = XCBuildConfiguration;
			buildSettings = {
				ALWAYS_SEARCH_USER_PATHS = NO;
				CLANG_ANALYZER_NONNULL = YES;
				CLANG_ANALYZER_NUMBER_OBJECT_CONVERSION = YES_AGGRESSIVE;
				CLANG_CXX_LANGUAGE_STANDARD = "gnu++14";
				CLANG_CXX_LIBRARY = "libc++";
				CLANG_ENABLE_MODULES = YES;
				CLANG_ENABLE_OBJC_ARC = YES;
				CLANG_ENABLE_OBJC_WEAK = YES;
				CLANG_WARN_BLOCK_CAPTURE_AUTORELEASING = YES;
				CLANG_WARN_BOOL_CONVERSION = YES;
				CLANG_WARN_COMMA = YES;
				CLANG_WARN_CONSTANT_CONVERSION = YES;
				CLANG_WARN_DEPRECATED_OBJC_IMPLEMENTATIONS = YES;
				CLANG_WARN_DIRECT_OBJC_ISA_USAGE = YES_ERROR;
				CLANG_WARN_DOCUMENTATION_COMMENTS = YES;
				CLANG_WARN_EMPTY_BODY = YES;
				CLANG_WARN_ENUM_CONVERSION = YES;
				CLANG_WARN_INFINITE_RECURSION = YES;
				CLANG_WARN_INT_CONVERSION = YES;
				CLANG_WARN_NON_LITERAL_NULL_CONVERSION = YES;
				CLANG_WARN_OBJC_IMPLICIT_RETAIN_SELF = YES;
				CLANG_WARN_OBJC_LITERAL_CONVERSION = YES;
				CLANG_WARN_OBJC_ROOT_CLASS = YES_ERROR;
				CLANG_WARN_RANGE_LOOP_ANALYSIS = YES;
				CLANG_WARN_STRICT_PROTOTYPES = YES;
				CLANG_WARN_SUSPICIOUS_MOVE = YES;
				CLANG_WARN_UNGUARDED_AVAILABILITY = YES_AGGRESSIVE;
				CLANG_WARN_UNREACHABLE_CODE = YES;
				CLANG_WARN__DUPLICATE_METHOD_MATCH = YES;
				CODE_SIGN_IDENTITY = "-";
				COPY_PHASE_STRIP = NO;
				CURRENT_PROJECT_VERSION = 1;
				DEBUG_INFORMATION_FORMAT = "dwarf-with-dsym";
				ENABLE_NS_ASSERTIONS = NO;
				ENABLE_STRICT_OBJC_MSGSEND = YES;
				GCC_C_LANGUAGE_STANDARD = gnu11;
				GCC_NO_COMMON_BLOCKS = YES;
				GCC_WARN_64_TO_32_BIT_CONVERSION = YES;
				GCC_WARN_ABOUT_RETURN_TYPE = YES_ERROR;
				GCC_WARN_UNDECLARED_SELECTOR = YES;
				GCC_WARN_UNINITIALIZED_AUTOS = YES_AGGRESSIVE;
				GCC_WARN_UNUSED_FUNCTION = YES;
				GCC_WARN_UNUSED_VARIABLE = YES;
				HEADER_SEARCH_PATHS = "${PROJECT_DIR}/Dependencies/jq_install/include";
				MACOSX_DEPLOYMENT_TARGET = 10.14;
				MTL_ENABLE_DEBUG_INFO = NO;
				MTL_FAST_MATH = YES;
				SDKROOT = macosx;
				VERSIONING_SYSTEM = "apple-generic";
				VERSION_INFO_PREFIX = "";
			};
			name = Release;
		};
		AE2F00AE231441D000DEA996 /* Debug */ = {
			isa = XCBuildConfiguration;
			buildSettings = {
				CODE_SIGN_IDENTITY = "";
				CODE_SIGN_STYLE = Automatic;
				COMBINE_HIDPI_IMAGES = YES;
				DEFINES_MODULE = YES;
				DYLIB_COMPATIBILITY_VERSION = 1;
				DYLIB_CURRENT_VERSION = 1;
				DYLIB_INSTALL_NAME_BASE = "@rpath";
				FRAMEWORK_VERSION = A;
				INFOPLIST_FILE = jqKit/Info.plist;
				INSTALL_PATH = "$(LOCAL_LIBRARY_DIR)/Frameworks";
				LD_RUNPATH_SEARCH_PATHS = (
					"$(inherited)",
					"@executable_path/../Frameworks",
					"@loader_path/Frameworks",
				);
				LIBRARY_SEARCH_PATHS = (
					"$(inherited)",
					"$(PROJECT_DIR)/Dependencies/jq_install/lib",
					"$(PROJECT_DIR)/Dependencies/onig_install/lib",
				);
				PRODUCT_BUNDLE_IDENTIFIER = com.luckymarmot.jqKit;
				PRODUCT_NAME = "$(TARGET_NAME:c99extidentifier)";
				SKIP_INSTALL = YES;
			};
			name = Debug;
		};
		AE2F00AF231441D000DEA996 /* Release */ = {
			isa = XCBuildConfiguration;
			buildSettings = {
				CODE_SIGN_IDENTITY = "";
				CODE_SIGN_STYLE = Automatic;
				COMBINE_HIDPI_IMAGES = YES;
				DEFINES_MODULE = YES;
				DYLIB_COMPATIBILITY_VERSION = 1;
				DYLIB_CURRENT_VERSION = 1;
				DYLIB_INSTALL_NAME_BASE = "@rpath";
				FRAMEWORK_VERSION = A;
				INFOPLIST_FILE = jqKit/Info.plist;
				INSTALL_PATH = "$(LOCAL_LIBRARY_DIR)/Frameworks";
				LD_RUNPATH_SEARCH_PATHS = (
					"$(inherited)",
					"@executable_path/../Frameworks",
					"@loader_path/Frameworks",
				);
				LIBRARY_SEARCH_PATHS = (
					"$(inherited)",
					"$(PROJECT_DIR)/Dependencies/jq_install/lib",
					"$(PROJECT_DIR)/Dependencies/onig_install/lib",
				);
				PRODUCT_BUNDLE_IDENTIFIER = com.luckymarmot.jqKit;
				PRODUCT_NAME = "$(TARGET_NAME:c99extidentifier)";
				SKIP_INSTALL = YES;
			};
			name = Release;
		};
		AE2F00B1231441D000DEA996 /* Debug */ = {
			isa = XCBuildConfiguration;
			buildSettings = {
				CODE_SIGN_STYLE = Automatic;
				COMBINE_HIDPI_IMAGES = YES;
				INFOPLIST_FILE = jqKitTests/Info.plist;
				LD_RUNPATH_SEARCH_PATHS = (
					"$(inherited)",
					"@executable_path/../Frameworks",
					"@loader_path/../Frameworks",
				);
				PRODUCT_BUNDLE_IDENTIFIER = com.luckymarmot.jqKitTests;
				PRODUCT_NAME = "$(TARGET_NAME)";
			};
			name = Debug;
		};
		AE2F00B2231441D000DEA996 /* Release */ = {
			isa = XCBuildConfiguration;
			buildSettings = {
				CODE_SIGN_STYLE = Automatic;
				COMBINE_HIDPI_IMAGES = YES;
				INFOPLIST_FILE = jqKitTests/Info.plist;
				LD_RUNPATH_SEARCH_PATHS = (
					"$(inherited)",
					"@executable_path/../Frameworks",
					"@loader_path/../Frameworks",
				);
				PRODUCT_BUNDLE_IDENTIFIER = com.luckymarmot.jqKitTests;
				PRODUCT_NAME = "$(TARGET_NAME)";
			};
			name = Release;
		};
/* End XCBuildConfiguration section */

/* Begin XCConfigurationList section */
		AE2F0093231441D000DEA996 /* Build configuration list for PBXProject "jqKit" */ = {
			isa = XCConfigurationList;
			buildConfigurations = (
				AE2F00AB231441D000DEA996 /* Debug */,
				AE2F00AC231441D000DEA996 /* Release */,
			);
			defaultConfigurationIsVisible = 0;
			defaultConfigurationName = Release;
		};
		AE2F00AD231441D000DEA996 /* Build configuration list for PBXNativeTarget "jqKit" */ = {
			isa = XCConfigurationList;
			buildConfigurations = (
				AE2F00AE231441D000DEA996 /* Debug */,
				AE2F00AF231441D000DEA996 /* Release */,
			);
			defaultConfigurationIsVisible = 0;
			defaultConfigurationName = Release;
		};
		AE2F00B0231441D000DEA996 /* Build configuration list for PBXNativeTarget "jqKitTests" */ = {
			isa = XCConfigurationList;
			buildConfigurations = (
				AE2F00B1231441D000DEA996 /* Debug */,
				AE2F00B2231441D000DEA996 /* Release */,
			);
			defaultConfigurationIsVisible = 0;
			defaultConfigurationName = Release;
		};
/* End XCConfigurationList section */
	};
	rootObject = AE2F0090231441D000DEA996 /* Project object */;
}
